
Microsoft Visual Studio Solution File, Format Version 11.00
# Visual Studio 2010
Project("{CC5FD16D-436D-48AD-A40C-5A424C6E3E79}") = "PayMeBack", "PayMeBack\PayMeBack.ccproj", "{88C13424-4625-4A77-95D0-4B7BDDA689C8}"
EndProject
Project("{FAE04EC0-301F-11D3-BF4B-00C04F79EFBC}") = "Glav.PayMeBack.Web", "MvcWebRole1\Glav.PayMeBack.Web.csproj", "{9C703008-A412-47D6-A0AB-74761759A4B5}"
EndProject
Project("{FAE04EC0-301F-11D3-BF4B-00C04F79EFBC}") = "PayMeBackWeb.UnitTests", "PayMeBackWeb.UnitTests\PayMeBackWeb.UnitTests.csproj", "{28E13FFF-1447-4541-903E-1515A600AD72}"
EndProject
Project("{2150E333-8FDC-42A3-9474-1A3956D46DE8}") = "Client", "Client", "{4CEF6E63-E6D7-42DD-860E-055180D7C7DD}"
EndProject
Project("{FAE04EC0-301F-11D3-BF4B-00C04F79EFBC}") = "Glav.PayMeBack.Client", "Glav.PayMeBack.Client\Glav.PayMeBack.Client.csproj", "{A8D252EC-E1E8-4BBF-AB9B-D829013FFA69}"
EndProject
Project("{FAE04EC0-301F-11D3-BF4B-00C04F79EFBC}") = "Glav.PayMeBack.Core", "Glav.PayMeBack.Core\Glav.PayMeBack.Core.csproj", "{7839A946-2D89-4085-B5F4-6C19CB00B010}"
EndProject
Global
	GlobalSection(SolutionConfigurationPlatforms) = preSolution
		Debug|Any CPU = Debug|Any CPU
		Release|Any CPU = Release|Any CPU
	EndGlobalSection
	GlobalSection(ProjectConfigurationPlatforms) = postSolution
		{88C13424-4625-4A77-95D0-4B7BDDA689C8}.Debug|Any CPU.ActiveCfg = Debug|Any CPU
		{88C13424-4625-4A77-95D0-4B7BDDA689C8}.Debug|Any CPU.Build.0 = Debug|Any CPU
		{88C13424-4625-4A77-95D0-4B7BDDA689C8}.Release|Any CPU.ActiveCfg = Release|Any CPU
		{88C13424-4625-4A77-95D0-4B7BDDA689C8}.Release|Any CPU.Build.0 = Release|Any CPU
		{9C703008-A412-47D6-A0AB-74761759A4B5}.Debug|Any CPU.ActiveCfg = Debug|Any CPU
		{9C703008-A412-47D6-A0AB-74761759A4B5}.Debug|Any CPU.Build.0 = Debug|Any CPU
		{9C703008-A412-47D6-A0AB-74761759A4B5}.Release|Any CPU.ActiveCfg = Release|Any CPU
		{9C703008-A412-47D6-A0AB-74761759A4B5}.Release|Any CPU.Build.0 = Release|Any CPU
		{28E13FFF-1447-4541-903E-1515A600AD72}.Debug|Any CPU.ActiveCfg = Debug|Any CPU
		{28E13FFF-1447-4541-903E-1515A600AD72}.Debug|Any CPU.Build.0 = Debug|Any CPU
		{28E13FFF-1447-4541-903E-1515A600AD72}.Release|Any CPU.ActiveCfg = Release|Any CPU
		{28E13FFF-1447-4541-903E-1515A600AD72}.Release|Any CPU.Build.0 = Release|Any CPU
		{A8D252EC-E1E8-4BBF-AB9B-D829013FFA69}.Debug|Any CPU.ActiveCfg = Debug|Any CPU
		{A8D252EC-E1E8-4BBF-AB9B-D829013FFA69}.Debug|Any CPU.Build.0 = Debug|Any CPU
		{A8D252EC-E1E8-4BBF-AB9B-D829013FFA69}.Release|Any CPU.ActiveCfg = Release|Any CPU
		{A8D252EC-E1E8-4BBF-AB9B-D829013FFA69}.Release|Any CPU.Build.0 = Release|Any CPU
		{7839A946-2D89-4085-B5F4-6C19CB00B010}.Debug|Any CPU.ActiveCfg = Debug|Any CPU
		{7839A946-2D89-4085-B5F4-6C19CB00B010}.Debug|Any CPU.Build.0 = Debug|Any CPU
		{7839A946-2D89-4085-B5F4-6C19CB00B010}.Release|Any CPU.ActiveCfg = Release|Any CPU
		{7839A946-2D89-4085-B5F4-6C19CB00B010}.Release|Any CPU.Build.0 = Release|Any CPU
	EndGlobalSection
	GlobalSection(SolutionProperties) = preSolution
		HideSolutionNode = FALSE
	EndGlobalSection
	GlobalSection(NestedProjects) = preSolution
		{A8D252EC-E1E8-4BBF-AB9B-D829013FFA69} = {4CEF6E63-E6D7-42DD-860E-055180D7C7DD}
	EndGlobalSection
EndGlobal
