
Microsoft Visual Studio Solution File, Format Version 12.00
# Visual Studio 2012
Project("{2150E333-8FDC-42A3-9474-1A3956D46DE8}") = "Client", "Client", "{4CEF6E63-E6D7-42DD-860E-055180D7C7DD}"
EndProject
Project("{2150E333-8FDC-42A3-9474-1A3956D46DE8}") = "Solution Items", "Solution Items", "{37E40269-54F2-4976-8DC8-171B6B6A5E44}"
	ProjectSection(SolutionItems) = preProject
		Local.testsettings = Local.testsettings
		PayMeBack.vsmdi = PayMeBack.vsmdi
		TraceAndTestImpact.testsettings = TraceAndTestImpact.testsettings
	EndProjectSection
EndProject
Project("{2150E333-8FDC-42A3-9474-1A3956D46DE8}") = "DataStore", "DataStore", "{C6611CE1-52B4-4AA4-B591-5518270987DD}"
	ProjectSection(SolutionItems) = preProject
		DataStore\RedeployDatabase.cmd = DataStore\RedeployDatabase.cmd
	EndProjectSection
EndProject
Project("{2150E333-8FDC-42A3-9474-1A3956D46DE8}") = "DeploymentScripts", "DeploymentScripts", "{2C7EC8B0-5A98-4F79-9ABB-BB83F13D25C1}"
	ProjectSection(SolutionItems) = preProject
		DataStore\DeploymentScripts\PostBuild_Script.sql = DataStore\DeploymentScripts\PostBuild_Script.sql
		DataStore\DeploymentScripts\PostBuild_Script_ci.sql = DataStore\DeploymentScripts\PostBuild_Script_ci.sql
		DataStore\DeploymentScripts\PostBuild_Script_normal.sql = DataStore\DeploymentScripts\PostBuild_Script_normal.sql
		DataStore\DeploymentScripts\PostBuild_Script_release.sql = DataStore\DeploymentScripts\PostBuild_Script_release.sql
		DataStore\DeploymentScripts\PostBuild_Script_staging.sql = DataStore\DeploymentScripts\PostBuild_Script_staging.sql
		DataStore\DeploymentScripts\PreBuild_Script.sql = DataStore\DeploymentScripts\PreBuild_Script.sql
		DataStore\DeploymentScripts\Schema_001.sql = DataStore\DeploymentScripts\Schema_001.sql
		DataStore\DeploymentScripts\Schema_002.sql = DataStore\DeploymentScripts\Schema_002.sql
		DataStore\DeploymentScripts\Schema_003.sql = DataStore\DeploymentScripts\Schema_003.sql
		DataStore\DeploymentScripts\Schema_004.sql = DataStore\DeploymentScripts\Schema_004.sql
	EndProjectSection
EndProject
Project("{2150E333-8FDC-42A3-9474-1A3956D46DE8}") = "Snippets", "Snippets", "{6B6D3099-73F3-4E23-A464-97CEEEFE7B55}"
	ProjectSection(SolutionItems) = preProject
		DataStore\Snippets\dev-query.sql = DataStore\Snippets\dev-query.sql
	EndProjectSection
EndProject
Project("{2150E333-8FDC-42A3-9474-1A3956D46DE8}") = "DBDeployer", "DBDeployer", "{FF358837-291E-47D0-9CA0-9FB0F5C3C805}"
	ProjectSection(SolutionItems) = preProject
		DataStore\Autofac.dll = DataStore\Autofac.dll
		DataStore\Microsoft.SqlServer.ConnectionInfo.dll = DataStore\Microsoft.SqlServer.ConnectionInfo.dll
		DataStore\Microsoft.SqlServer.Management.Sdk.Sfc.dll = DataStore\Microsoft.SqlServer.Management.Sdk.Sfc.dll
		DataStore\Microsoft.SqlServer.Smo.dll = DataStore\Microsoft.SqlServer.Smo.dll
		DataStore\SQLBuilder.exe = DataStore\SQLBuilder.exe
		DataStore\SQLBuilder.exe.config = DataStore\SQLBuilder.exe.config
	EndProjectSection
EndProject
Project("{CC5FD16D-436D-48AD-A40C-5A424C6E3E79}") = "PayMeBack", "PayMeBack\PayMeBack.ccproj", "{88C13424-4625-4A77-95D0-4B7BDDA689C8}"
EndProject
Project("{FAE04EC0-301F-11D3-BF4B-00C04F79EFBC}") = "Glav.PayMeBack.Web", "MvcWebRole1\Glav.PayMeBack.Web.csproj", "{9C703008-A412-47D6-A0AB-74761759A4B5}"
EndProject
Project("{FAE04EC0-301F-11D3-BF4B-00C04F79EFBC}") = "PayMeBackWeb.UnitTests", "PayMeBackWeb.UnitTests\PayMeBackWeb.UnitTests.csproj", "{28E13FFF-1447-4541-903E-1515A600AD72}"
EndProject
Project("{FAE04EC0-301F-11D3-BF4B-00C04F79EFBC}") = "Glav.PayMeBack.Client", "Glav.PayMeBack.Client\Glav.PayMeBack.Client.csproj", "{A8D252EC-E1E8-4BBF-AB9B-D829013FFA69}"
EndProject
Project("{FAE04EC0-301F-11D3-BF4B-00C04F79EFBC}") = "Glav.PayMeBack.Core", "Glav.PayMeBack.Core\Glav.PayMeBack.Core.csproj", "{7839A946-2D89-4085-B5F4-6C19CB00B010}"
EndProject
Project("{FAE04EC0-301F-11D3-BF4B-00C04F79EFBC}") = "Glav.PayMeBack.Client.Tests", "Glav.PayMeBack.Client.Tests\Glav.PayMeBack.Client.Tests.csproj", "{7F7E4A30-5457-487C-A703-A6B127D991EF}"
EndProject
Project("{FAE04EC0-301F-11D3-BF4B-00C04F79EFBC}") = "Glav.PayMeBack.IntegrationTests", "Glav.PayMeBack.IntegrationTests\Glav.PayMeBack.IntegrationTests.csproj", "{FDA480C0-BC7A-47ED-BEB9-C3D921FC450E}"
EndProject
Global
	GlobalSection(TestCaseManagementSettings) = postSolution
		CategoryFile = PayMeBack.vsmdi
	EndGlobalSection
	GlobalSection(SolutionConfigurationPlatforms) = preSolution
		Debug|Any CPU = Debug|Any CPU
		Release|Any CPU = Release|Any CPU
	EndGlobalSection
	GlobalSection(ProjectConfigurationPlatforms) = postSolution
		{88C13424-4625-4A77-95D0-4B7BDDA689C8}.Debug|Any CPU.ActiveCfg = Debug|Any CPU
		{88C13424-4625-4A77-95D0-4B7BDDA689C8}.Debug|Any CPU.Build.0 = Debug|Any CPU
		{88C13424-4625-4A77-95D0-4B7BDDA689C8}.Release|Any CPU.ActiveCfg = Release|Any CPU
		{88C13424-4625-4A77-95D0-4B7BDDA689C8}.Release|Any CPU.Build.0 = Release|Any CPU
		{9C703008-A412-47D6-A0AB-74761759A4B5}.Debug|Any CPU.ActiveCfg = Debug|Any CPU
		{9C703008-A412-47D6-A0AB-74761759A4B5}.Debug|Any CPU.Build.0 = Debug|Any CPU
		{9C703008-A412-47D6-A0AB-74761759A4B5}.Release|Any CPU.ActiveCfg = Release|Any CPU
		{9C703008-A412-47D6-A0AB-74761759A4B5}.Release|Any CPU.Build.0 = Release|Any CPU
		{28E13FFF-1447-4541-903E-1515A600AD72}.Debug|Any CPU.ActiveCfg = Debug|Any CPU
		{28E13FFF-1447-4541-903E-1515A600AD72}.Debug|Any CPU.Build.0 = Debug|Any CPU
		{28E13FFF-1447-4541-903E-1515A600AD72}.Release|Any CPU.ActiveCfg = Release|Any CPU
		{28E13FFF-1447-4541-903E-1515A600AD72}.Release|Any CPU.Build.0 = Release|Any CPU
		{A8D252EC-E1E8-4BBF-AB9B-D829013FFA69}.Debug|Any CPU.ActiveCfg = Debug|Any CPU
		{A8D252EC-E1E8-4BBF-AB9B-D829013FFA69}.Debug|Any CPU.Build.0 = Debug|Any CPU
		{A8D252EC-E1E8-4BBF-AB9B-D829013FFA69}.Release|Any CPU.ActiveCfg = Release|Any CPU
		{A8D252EC-E1E8-4BBF-AB9B-D829013FFA69}.Release|Any CPU.Build.0 = Release|Any CPU
		{7839A946-2D89-4085-B5F4-6C19CB00B010}.Debug|Any CPU.ActiveCfg = Debug|Any CPU
		{7839A946-2D89-4085-B5F4-6C19CB00B010}.Debug|Any CPU.Build.0 = Debug|Any CPU
		{7839A946-2D89-4085-B5F4-6C19CB00B010}.Release|Any CPU.ActiveCfg = Release|Any CPU
		{7839A946-2D89-4085-B5F4-6C19CB00B010}.Release|Any CPU.Build.0 = Release|Any CPU
		{7F7E4A30-5457-487C-A703-A6B127D991EF}.Debug|Any CPU.ActiveCfg = Debug|Any CPU
		{7F7E4A30-5457-487C-A703-A6B127D991EF}.Debug|Any CPU.Build.0 = Debug|Any CPU
		{7F7E4A30-5457-487C-A703-A6B127D991EF}.Release|Any CPU.ActiveCfg = Release|Any CPU
		{7F7E4A30-5457-487C-A703-A6B127D991EF}.Release|Any CPU.Build.0 = Release|Any CPU
		{FDA480C0-BC7A-47ED-BEB9-C3D921FC450E}.Debug|Any CPU.ActiveCfg = Debug|Any CPU
		{FDA480C0-BC7A-47ED-BEB9-C3D921FC450E}.Debug|Any CPU.Build.0 = Debug|Any CPU
		{FDA480C0-BC7A-47ED-BEB9-C3D921FC450E}.Release|Any CPU.ActiveCfg = Release|Any CPU
		{FDA480C0-BC7A-47ED-BEB9-C3D921FC450E}.Release|Any CPU.Build.0 = Release|Any CPU
	EndGlobalSection
	GlobalSection(SolutionProperties) = preSolution
		HideSolutionNode = FALSE
	EndGlobalSection
	GlobalSection(NestedProjects) = preSolution
		{37E40269-54F2-4976-8DC8-171B6B6A5E44} = {4CEF6E63-E6D7-42DD-860E-055180D7C7DD}
		{A8D252EC-E1E8-4BBF-AB9B-D829013FFA69} = {4CEF6E63-E6D7-42DD-860E-055180D7C7DD}
		{7F7E4A30-5457-487C-A703-A6B127D991EF} = {4CEF6E63-E6D7-42DD-860E-055180D7C7DD}
		{2C7EC8B0-5A98-4F79-9ABB-BB83F13D25C1} = {C6611CE1-52B4-4AA4-B591-5518270987DD}
		{6B6D3099-73F3-4E23-A464-97CEEEFE7B55} = {C6611CE1-52B4-4AA4-B591-5518270987DD}
		{FF358837-291E-47D0-9CA0-9FB0F5C3C805} = {C6611CE1-52B4-4AA4-B591-5518270987DD}
	EndGlobalSection
EndGlobal
